
Microsoft Visual Studio Solution File, Format Version 12.00
# Visual Studio Version 17
VisualStudioVersion = 17.0.31903.59
MinimumVisualStudioVersion = 10.0.40219.1
Project("{2150E333-8FDC-42A3-9474-1A3956D46DE8}") = "src", "src", "{2A54F2E8-D098-4A1A-B870-C16825DE48EB}"
EndProject
Project("{FAE04EC0-301F-11D3-BF4B-00C04F79EFBC}") = "MathEngine.Values", "src\MathEngine.Values\MathEngine.Values.csproj", "{86E8DF3D-AA09-4A99-9B68-B8669305AE87}"
EndProject
Project("{FAE04EC0-301F-11D3-BF4B-00C04F79EFBC}") = "MathEngine.Algebra", "src\MathEngine.Algebra\MathEngine.Algebra.csproj", "{92EA962C-C98F-43A8-9BB6-F545E0BAFC37}"
EndProject
Project("{FAE04EC0-301F-11D3-BF4B-00C04F79EFBC}") = "MathEngine.Tests", "src\MathEngine.Tests\MathEngine.Tests.csproj", "{B0658583-A9A7-4E1D-9707-8B604DF97E47}"
EndProject
Project("{FAE04EC0-301F-11D3-BF4B-00C04F79EFBC}") = "MathEngine.Functions", "src\MathEngine.Functions\MathEngine.Functions.csproj", "{AFB0DFF8-92E7-4DCF-8EA3-799B4F8920A6}"
EndProject
Project("{FAE04EC0-301F-11D3-BF4B-00C04F79EFBC}") = "MathEngine.Trig", "src\MathEngine.Trig\MathEngine.Trig.csproj", "{801DD701-8AC4-4839-AC18-FB8B5287E9B4}"
EndProject
Global
	GlobalSection(SolutionConfigurationPlatforms) = preSolution
		Debug|Any CPU = Debug|Any CPU
		Release|Any CPU = Release|Any CPU
	EndGlobalSection
	GlobalSection(SolutionProperties) = preSolution
		HideSolutionNode = FALSE
	EndGlobalSection
	GlobalSection(ProjectConfigurationPlatforms) = postSolution
		{86E8DF3D-AA09-4A99-9B68-B8669305AE87}.Debug|Any CPU.ActiveCfg = Debug|Any CPU
		{86E8DF3D-AA09-4A99-9B68-B8669305AE87}.Debug|Any CPU.Build.0 = Debug|Any CPU
		{86E8DF3D-AA09-4A99-9B68-B8669305AE87}.Release|Any CPU.ActiveCfg = Release|Any CPU
		{86E8DF3D-AA09-4A99-9B68-B8669305AE87}.Release|Any CPU.Build.0 = Release|Any CPU
		{92EA962C-C98F-43A8-9BB6-F545E0BAFC37}.Debug|Any CPU.ActiveCfg = Debug|Any CPU
		{92EA962C-C98F-43A8-9BB6-F545E0BAFC37}.Debug|Any CPU.Build.0 = Debug|Any CPU
		{92EA962C-C98F-43A8-9BB6-F545E0BAFC37}.Release|Any CPU.ActiveCfg = Release|Any CPU
		{92EA962C-C98F-43A8-9BB6-F545E0BAFC37}.Release|Any CPU.Build.0 = Release|Any CPU
		{B0658583-A9A7-4E1D-9707-8B604DF97E47}.Debug|Any CPU.ActiveCfg = Debug|Any CPU
		{B0658583-A9A7-4E1D-9707-8B604DF97E47}.Debug|Any CPU.Build.0 = Debug|Any CPU
		{B0658583-A9A7-4E1D-9707-8B604DF97E47}.Release|Any CPU.ActiveCfg = Release|Any CPU
		{B0658583-A9A7-4E1D-9707-8B604DF97E47}.Release|Any CPU.Build.0 = Release|Any CPU
		{AFB0DFF8-92E7-4DCF-8EA3-799B4F8920A6}.Debug|Any CPU.ActiveCfg = Debug|Any CPU
		{AFB0DFF8-92E7-4DCF-8EA3-799B4F8920A6}.Debug|Any CPU.Build.0 = Debug|Any CPU
		{AFB0DFF8-92E7-4DCF-8EA3-799B4F8920A6}.Release|Any CPU.ActiveCfg = Release|Any CPU
		{AFB0DFF8-92E7-4DCF-8EA3-799B4F8920A6}.Release|Any CPU.Build.0 = Release|Any CPU
		{801DD701-8AC4-4839-AC18-FB8B5287E9B4}.Debug|Any CPU.ActiveCfg = Debug|Any CPU
		{801DD701-8AC4-4839-AC18-FB8B5287E9B4}.Debug|Any CPU.Build.0 = Debug|Any CPU
		{801DD701-8AC4-4839-AC18-FB8B5287E9B4}.Release|Any CPU.ActiveCfg = Release|Any CPU
		{801DD701-8AC4-4839-AC18-FB8B5287E9B4}.Release|Any CPU.Build.0 = Release|Any CPU
	EndGlobalSection
	GlobalSection(NestedProjects) = preSolution
		{86E8DF3D-AA09-4A99-9B68-B8669305AE87} = {2A54F2E8-D098-4A1A-B870-C16825DE48EB}
		{92EA962C-C98F-43A8-9BB6-F545E0BAFC37} = {2A54F2E8-D098-4A1A-B870-C16825DE48EB}
		{B0658583-A9A7-4E1D-9707-8B604DF97E47} = {2A54F2E8-D098-4A1A-B870-C16825DE48EB}
		{AFB0DFF8-92E7-4DCF-8EA3-799B4F8920A6} = {2A54F2E8-D098-4A1A-B870-C16825DE48EB}
		{801DD701-8AC4-4839-AC18-FB8B5287E9B4} = {2A54F2E8-D098-4A1A-B870-C16825DE48EB}
	EndGlobalSection
EndGlobal
